
Microsoft Visual Studio Solution File, Format Version 12.00
# Visual Studio Version 16
VisualStudioVersion = 16.0.29509.3
MinimumVisualStudioVersion = 10.0.40219.1
Project("{FAE04EC0-301F-11D3-BF4B-00C04F79EFBC}") = "StudentApp", "StudentApp\StudentApp.csproj", "{BF26D331-EF11-49D2-8529-EBBF1D55D659}"
EndProject
Global
	GlobalSection(SolutionConfigurationPlatforms) = preSolution
		Debug|Any CPU = Debug|Any CPU
		Release|Any CPU = Release|Any CPU
	EndGlobalSection
	GlobalSection(ProjectConfigurationPlatforms) = postSolution
		{BF26D331-EF11-49D2-8529-EBBF1D55D659}.Debug|Any CPU.ActiveCfg = Debug|Any CPU
		{BF26D331-EF11-49D2-8529-EBBF1D55D659}.Debug|Any CPU.Build.0 = Debug|Any CPU
		{BF26D331-EF11-49D2-8529-EBBF1D55D659}.Release|Any CPU.ActiveCfg = Release|Any CPU
		{BF26D331-EF11-49D2-8529-EBBF1D55D659}.Release|Any CPU.Build.0 = Release|Any CPU
	EndGlobalSection
	GlobalSection(SolutionProperties) = preSolution
		HideSolutionNode = FALSE
	EndGlobalSection
	GlobalSection(ExtensibilityGlobals) = postSolution
		SolutionGuid = {9AD7A931-E35C-4404-9051-9977C8E39DB7}
	EndGlobalSection
EndGlobal
